
Microsoft Visual Studio Solution File, Format Version 12.00
# Visual Studio Version 17
VisualStudioVersion = 17.8.34408.163
MinimumVisualStudioVersion = 10.0.40219.1
Project("{9A19103F-16F7-4668-BE54-9A1E7A4F7556}") = "Day01", "Day01\Day01.csproj", "{98CA3E42-CDC2-424E-AD20-E001C52CC80E}"
EndProject
Project("{9A19103F-16F7-4668-BE54-9A1E7A4F7556}") = "Day02", "Day02\Day02.csproj", "{42619365-373E-4FF7-A9C6-61C0E1DE4C62}"
EndProject
Project("{9A19103F-16F7-4668-BE54-9A1E7A4F7556}") = "Common", "Common\Common.csproj", "{1371F6A1-CF91-481E-A10D-E74EB5BF84D4}"
EndProject
Project("{9A19103F-16F7-4668-BE54-9A1E7A4F7556}") = "Day03", "Day03\Day03.csproj", "{3BF97F92-95FF-4D53-8F6A-C086214C861C}"
EndProject
Project("{9A19103F-16F7-4668-BE54-9A1E7A4F7556}") = "Day04", "Day04\Day04.csproj", "{6454D3F4-0047-4EAC-BD6B-D61698868CB4}"
EndProject
Project("{9A19103F-16F7-4668-BE54-9A1E7A4F7556}") = "Day05", "Day05\Day05.csproj", "{216C8701-16CA-4F3C-9FB2-2E0781FCAF3D}"
EndProject
Project("{FAE04EC0-301F-11D3-BF4B-00C04F79EFBC}") = "Day06", "Day06\Day06.csproj", "{02461D8C-6AB3-444D-9886-DCBB994C33A3}"
EndProject
Global
	GlobalSection(SolutionConfigurationPlatforms) = preSolution
		Debug|Any CPU = Debug|Any CPU
		Release|Any CPU = Release|Any CPU
	EndGlobalSection
	GlobalSection(ProjectConfigurationPlatforms) = postSolution
		{98CA3E42-CDC2-424E-AD20-E001C52CC80E}.Debug|Any CPU.ActiveCfg = Debug|Any CPU
		{98CA3E42-CDC2-424E-AD20-E001C52CC80E}.Debug|Any CPU.Build.0 = Debug|Any CPU
		{98CA3E42-CDC2-424E-AD20-E001C52CC80E}.Release|Any CPU.ActiveCfg = Release|Any CPU
		{98CA3E42-CDC2-424E-AD20-E001C52CC80E}.Release|Any CPU.Build.0 = Release|Any CPU
		{42619365-373E-4FF7-A9C6-61C0E1DE4C62}.Debug|Any CPU.ActiveCfg = Debug|Any CPU
		{42619365-373E-4FF7-A9C6-61C0E1DE4C62}.Debug|Any CPU.Build.0 = Debug|Any CPU
		{42619365-373E-4FF7-A9C6-61C0E1DE4C62}.Release|Any CPU.ActiveCfg = Release|Any CPU
		{42619365-373E-4FF7-A9C6-61C0E1DE4C62}.Release|Any CPU.Build.0 = Release|Any CPU
		{1371F6A1-CF91-481E-A10D-E74EB5BF84D4}.Debug|Any CPU.ActiveCfg = Debug|Any CPU
		{1371F6A1-CF91-481E-A10D-E74EB5BF84D4}.Debug|Any CPU.Build.0 = Debug|Any CPU
		{1371F6A1-CF91-481E-A10D-E74EB5BF84D4}.Release|Any CPU.ActiveCfg = Release|Any CPU
		{1371F6A1-CF91-481E-A10D-E74EB5BF84D4}.Release|Any CPU.Build.0 = Release|Any CPU
		{3BF97F92-95FF-4D53-8F6A-C086214C861C}.Debug|Any CPU.ActiveCfg = Debug|Any CPU
		{3BF97F92-95FF-4D53-8F6A-C086214C861C}.Debug|Any CPU.Build.0 = Debug|Any CPU
		{3BF97F92-95FF-4D53-8F6A-C086214C861C}.Release|Any CPU.ActiveCfg = Release|Any CPU
		{3BF97F92-95FF-4D53-8F6A-C086214C861C}.Release|Any CPU.Build.0 = Release|Any CPU
		{6454D3F4-0047-4EAC-BD6B-D61698868CB4}.Debug|Any CPU.ActiveCfg = Debug|Any CPU
		{6454D3F4-0047-4EAC-BD6B-D61698868CB4}.Debug|Any CPU.Build.0 = Debug|Any CPU
		{6454D3F4-0047-4EAC-BD6B-D61698868CB4}.Release|Any CPU.ActiveCfg = Release|Any CPU
		{6454D3F4-0047-4EAC-BD6B-D61698868CB4}.Release|Any CPU.Build.0 = Release|Any CPU
		{216C8701-16CA-4F3C-9FB2-2E0781FCAF3D}.Debug|Any CPU.ActiveCfg = Debug|Any CPU
		{216C8701-16CA-4F3C-9FB2-2E0781FCAF3D}.Debug|Any CPU.Build.0 = Debug|Any CPU
		{216C8701-16CA-4F3C-9FB2-2E0781FCAF3D}.Release|Any CPU.ActiveCfg = Release|Any CPU
		{216C8701-16CA-4F3C-9FB2-2E0781FCAF3D}.Release|Any CPU.Build.0 = Release|Any CPU
		{02461D8C-6AB3-444D-9886-DCBB994C33A3}.Debug|Any CPU.ActiveCfg = Debug|Any CPU
		{02461D8C-6AB3-444D-9886-DCBB994C33A3}.Debug|Any CPU.Build.0 = Debug|Any CPU
		{02461D8C-6AB3-444D-9886-DCBB994C33A3}.Release|Any CPU.ActiveCfg = Release|Any CPU
		{02461D8C-6AB3-444D-9886-DCBB994C33A3}.Release|Any CPU.Build.0 = Release|Any CPU
	EndGlobalSection
	GlobalSection(SolutionProperties) = preSolution
		HideSolutionNode = FALSE
	EndGlobalSection
	GlobalSection(ExtensibilityGlobals) = postSolution
		SolutionGuid = {35C2E335-574B-4EB8-8479-A3AAE63D0167}
	EndGlobalSection
EndGlobal
